
Microsoft Visual Studio Solution File, Format Version 11.00
# Visual Basic Express 2010
Project("{F184B08F-C81C-45F6-A57F-5ABD9991F28F}") = "Countdown Alpha UDP", "Countdown Alpha UDP\Countdown Alpha UDP.vbproj", "{BACBF486-2072-47C0-9085-923668B98E71}"
EndProject
Global
	GlobalSection(SolutionConfigurationPlatforms) = preSolution
		Debug|x86 = Debug|x86
		Release|x86 = Release|x86
	EndGlobalSection
	GlobalSection(ProjectConfigurationPlatforms) = postSolution
		{BACBF486-2072-47C0-9085-923668B98E71}.Debug|x86.ActiveCfg = Debug|x86
		{BACBF486-2072-47C0-9085-923668B98E71}.Debug|x86.Build.0 = Debug|x86
		{BACBF486-2072-47C0-9085-923668B98E71}.Release|x86.ActiveCfg = Release|x86
		{BACBF486-2072-47C0-9085-923668B98E71}.Release|x86.Build.0 = Release|x86
	EndGlobalSection
	GlobalSection(SolutionProperties) = preSolution
		HideSolutionNode = FALSE
	EndGlobalSection
EndGlobal
